{
  "version": 4,
  "terraform_version": "1.7.3",
  "serial": 253,
  "lineage": "50664e1a-46f0-02bd-7343-7c66713a69e2",
  "outputs": {
    "subnet_ids": {
      "value": [
        "subnet-02f2c262bfc08697c",
        "subnet-04deb661ac66ba4e6",
        "subnet-0603ede3c2a289ac8",
        "subnet-0654326ffc23e2e55",
        "subnet-0918a43a58a8a01be",
        "subnet-0b1720eacf1056482"
      ],
      "type": [
        "tuple",
        [
          "string",
          "string",
          "string",
          "string",
          "string",
          "string"
        ]
      ]
    }
  },
  "resources": [
    {
      "mode": "data",
      "type": "aws_ami",
      "name": "stack_ami",
      "provider": "provider[\"registry.terraform.io/hashicorp/aws\"]",
      "instances": [
        {
          "schema_version": 0,
          "attributes": {
            "architecture": "x86_64",
            "arn": "arn:aws:ec2:us-east-1::image/ami-03f14bd2c5fcc7e69",
            "block_device_mappings": [
              {
                "device_name": "/dev/xvda",
                "ebs": {
                  "delete_on_termination": "true",
                  "encrypted": "false",
                  "iops": "0",
                  "snapshot_id": "snap-00ee456275b60ec17",
                  "throughput": "0",
                  "volume_size": "8",
                  "volume_type": "gp2"
                },
                "no_device": "",
                "virtual_name": ""
              }
            ],
            "boot_mode": "",
            "creation_date": "2024-03-10T04:56:40.000Z",
            "deprecation_time": "",
            "description": "",
            "ena_support": true,
            "executable_users": null,
            "filter": [
              {
                "name": "name",
                "values": [
                  "ami-stack-*"
                ]
              }
            ],
            "hypervisor": "xen",
            "id": "ami-03f14bd2c5fcc7e69",
            "image_id": "ami-03f14bd2c5fcc7e69",
            "image_location": "381492048000/ami-stack-1.0",
            "image_owner_alias": "",
            "image_type": "machine",
            "imds_support": "",
            "include_deprecated": false,
            "kernel_id": "",
            "most_recent": true,
            "name": "ami-stack-1.0",
            "name_regex": "^ami-stack-.*",
            "owner_id": "381492048000",
            "owners": [
              "self"
            ],
            "platform": "",
            "platform_details": "Linux/UNIX",
            "product_codes": [],
            "public": false,
            "ramdisk_id": "",
            "root_device_name": "/dev/xvda",
            "root_device_type": "ebs",
            "root_snapshot_id": "snap-00ee456275b60ec17",
            "sriov_net_support": "simple",
            "state": "available",
            "state_reason": {
              "code": "UNSET",
              "message": "UNSET"
            },
            "tags": {},
            "timeouts": null,
            "tpm_support": "",
            "usage_operation": "RunInstances",
            "virtualization_type": "hvm"
          },
          "sensitive_attributes": []
        }
      ]
    },
    {
      "mode": "data",
      "type": "aws_subnet",
      "name": "stack_sub",
      "provider": "provider[\"registry.terraform.io/hashicorp/aws\"]",
      "instances": [
        {
          "index_key": "subnet-02f2c262bfc08697c",
          "schema_version": 0,
          "attributes": {
            "arn": "arn:aws:ec2:us-east-1:381492048000:subnet/subnet-02f2c262bfc08697c",
            "assign_ipv6_address_on_creation": false,
            "availability_zone": "us-east-1d",
            "availability_zone_id": "use1-az2",
            "available_ip_address_count": 4089,
            "cidr_block": "172.31.80.0/20",
            "customer_owned_ipv4_pool": "",
            "default_for_az": true,
            "enable_dns64": false,
            "enable_lni_at_device_index": 0,
            "enable_resource_name_dns_a_record_on_launch": false,
            "enable_resource_name_dns_aaaa_record_on_launch": false,
            "filter": null,
            "id": "subnet-02f2c262bfc08697c",
            "ipv6_cidr_block": "",
            "ipv6_cidr_block_association_id": "",
            "ipv6_native": false,
            "map_customer_owned_ip_on_launch": false,
            "map_public_ip_on_launch": true,
            "outpost_arn": "",
            "owner_id": "381492048000",
            "private_dns_hostname_type_on_launch": "ip-name",
            "state": "available",
            "tags": {},
            "timeouts": null,
            "vpc_id": "vpc-0b16376d2cbed43aa"
          },
          "sensitive_attributes": []
        },
        {
          "index_key": "subnet-04deb661ac66ba4e6",
          "schema_version": 0,
          "attributes": {
            "arn": "arn:aws:ec2:us-east-1:381492048000:subnet/subnet-04deb661ac66ba4e6",
            "assign_ipv6_address_on_creation": false,
            "availability_zone": "us-east-1e",
            "availability_zone_id": "use1-az3",
            "available_ip_address_count": 4087,
            "cidr_block": "172.31.48.0/20",
            "customer_owned_ipv4_pool": "",
            "default_for_az": true,
            "enable_dns64": false,
            "enable_lni_at_device_index": 0,
            "enable_resource_name_dns_a_record_on_launch": false,
            "enable_resource_name_dns_aaaa_record_on_launch": false,
            "filter": null,
            "id": "subnet-04deb661ac66ba4e6",
            "ipv6_cidr_block": "",
            "ipv6_cidr_block_association_id": "",
            "ipv6_native": false,
            "map_customer_owned_ip_on_launch": false,
            "map_public_ip_on_launch": true,
            "outpost_arn": "",
            "owner_id": "381492048000",
            "private_dns_hostname_type_on_launch": "ip-name",
            "state": "available",
            "tags": {},
            "timeouts": null,
            "vpc_id": "vpc-0b16376d2cbed43aa"
          },
          "sensitive_attributes": []
        },
        {
          "index_key": "subnet-0603ede3c2a289ac8",
          "schema_version": 0,
          "attributes": {
            "arn": "arn:aws:ec2:us-east-1:381492048000:subnet/subnet-0603ede3c2a289ac8",
            "assign_ipv6_address_on_creation": false,
            "availability_zone": "us-east-1b",
            "availability_zone_id": "use1-az6",
            "available_ip_address_count": 4079,
            "cidr_block": "172.31.32.0/20",
            "customer_owned_ipv4_pool": "",
            "default_for_az": true,
            "enable_dns64": false,
            "enable_lni_at_device_index": 0,
            "enable_resource_name_dns_a_record_on_launch": false,
            "enable_resource_name_dns_aaaa_record_on_launch": false,
            "filter": null,
            "id": "subnet-0603ede3c2a289ac8",
            "ipv6_cidr_block": "",
            "ipv6_cidr_block_association_id": "",
            "ipv6_native": false,
            "map_customer_owned_ip_on_launch": false,
            "map_public_ip_on_launch": true,
            "outpost_arn": "",
            "owner_id": "381492048000",
            "private_dns_hostname_type_on_launch": "ip-name",
            "state": "available",
            "tags": {},
            "timeouts": null,
            "vpc_id": "vpc-0b16376d2cbed43aa"
          },
          "sensitive_attributes": []
        },
        {
          "index_key": "subnet-0654326ffc23e2e55",
          "schema_version": 0,
          "attributes": {
            "arn": "arn:aws:ec2:us-east-1:381492048000:subnet/subnet-0654326ffc23e2e55",
            "assign_ipv6_address_on_creation": false,
            "availability_zone": "us-east-1a",
            "availability_zone_id": "use1-az4",
            "available_ip_address_count": 4082,
            "cidr_block": "172.31.16.0/20",
            "customer_owned_ipv4_pool": "",
            "default_for_az": true,
            "enable_dns64": false,
            "enable_lni_at_device_index": 0,
            "enable_resource_name_dns_a_record_on_launch": false,
            "enable_resource_name_dns_aaaa_record_on_launch": false,
            "filter": null,
            "id": "subnet-0654326ffc23e2e55",
            "ipv6_cidr_block": "",
            "ipv6_cidr_block_association_id": "",
            "ipv6_native": false,
            "map_customer_owned_ip_on_launch": false,
            "map_public_ip_on_launch": true,
            "outpost_arn": "",
            "owner_id": "381492048000",
            "private_dns_hostname_type_on_launch": "ip-name",
            "state": "available",
            "tags": {},
            "timeouts": null,
            "vpc_id": "vpc-0b16376d2cbed43aa"
          },
          "sensitive_attributes": []
        },
        {
          "index_key": "subnet-0918a43a58a8a01be",
          "schema_version": 0,
          "attributes": {
            "arn": "arn:aws:ec2:us-east-1:381492048000:subnet/subnet-0918a43a58a8a01be",
            "assign_ipv6_address_on_creation": false,
            "availability_zone": "us-east-1f",
            "availability_zone_id": "use1-az5",
            "available_ip_address_count": 4087,
            "cidr_block": "172.31.64.0/20",
            "customer_owned_ipv4_pool": "",
            "default_for_az": true,
            "enable_dns64": false,
            "enable_lni_at_device_index": 0,
            "enable_resource_name_dns_a_record_on_launch": false,
            "enable_resource_name_dns_aaaa_record_on_launch": false,
            "filter": null,
            "id": "subnet-0918a43a58a8a01be",
            "ipv6_cidr_block": "",
            "ipv6_cidr_block_association_id": "",
            "ipv6_native": false,
            "map_customer_owned_ip_on_launch": false,
            "map_public_ip_on_launch": true,
            "outpost_arn": "",
            "owner_id": "381492048000",
            "private_dns_hostname_type_on_launch": "ip-name",
            "state": "available",
            "tags": {},
            "timeouts": null,
            "vpc_id": "vpc-0b16376d2cbed43aa"
          },
          "sensitive_attributes": []
        },
        {
          "index_key": "subnet-0b1720eacf1056482",
          "schema_version": 0,
          "attributes": {
            "arn": "arn:aws:ec2:us-east-1:381492048000:subnet/subnet-0b1720eacf1056482",
            "assign_ipv6_address_on_creation": false,
            "availability_zone": "us-east-1c",
            "availability_zone_id": "use1-az1",
            "available_ip_address_count": 4088,
            "cidr_block": "172.31.0.0/20",
            "customer_owned_ipv4_pool": "",
            "default_for_az": true,
            "enable_dns64": false,
            "enable_lni_at_device_index": 0,
            "enable_resource_name_dns_a_record_on_launch": false,
            "enable_resource_name_dns_aaaa_record_on_launch": false,
            "filter": null,
            "id": "subnet-0b1720eacf1056482",
            "ipv6_cidr_block": "",
            "ipv6_cidr_block_association_id": "",
            "ipv6_native": false,
            "map_customer_owned_ip_on_launch": false,
            "map_public_ip_on_launch": true,
            "outpost_arn": "",
            "owner_id": "381492048000",
            "private_dns_hostname_type_on_launch": "ip-name",
            "state": "available",
            "tags": {},
            "timeouts": null,
            "vpc_id": "vpc-0b16376d2cbed43aa"
          },
          "sensitive_attributes": []
        }
      ]
    },
    {
      "mode": "data",
      "type": "aws_subnets",
      "name": "stack_sub",
      "provider": "provider[\"registry.terraform.io/hashicorp/aws\"]",
      "instances": [
        {
          "schema_version": 0,
          "attributes": {
            "filter": [
              {
                "name": "vpc-id",
                "values": [
                  "vpc-0b16376d2cbed43aa"
                ]
              }
            ],
            "id": "us-east-1",
            "ids": [
              "subnet-02f2c262bfc08697c",
              "subnet-04deb661ac66ba4e6",
              "subnet-0654326ffc23e2e55",
              "subnet-0b1720eacf1056482",
              "subnet-0918a43a58a8a01be",
              "subnet-0603ede3c2a289ac8"
            ],
            "tags": null,
            "timeouts": null
          },
          "sensitive_attributes": []
        }
      ]
    },
    {
      "mode": "data",
      "type": "template_file",
      "name": "bootstrap",
      "provider": "provider[\"registry.terraform.io/hashicorp/template\"]",
      "instances": [
        {
          "schema_version": 0,
          "attributes": {
            "filename": null,
            "id": "23e098530f75b2dd1f3e0afabf2c7cd0848289bc43f46364686028e69b1edfe7",
            "rendered": "#!/bin/bash\n\nsudo yum update -y\nsudo yum install git -y\nsudo amazon-linux-extras install -y lamp-mariadb10.2-php7.2 php7.2\nsudo yum install -y httpd mariadb-server\nsudo systemctl start httpd\nsudo systemctl enable httpd\nsudo systemctl is-enabled httpd\ngit clone https://github.com/stackitgit/CliXX_Retail_Repository.git\ncp -r CliXX_Retail_Repository/* /var/www/html\n",
            "template": "#!/bin/bash\n\nsudo yum update -y\nsudo yum install git -y\nsudo amazon-linux-extras install -y lamp-mariadb10.2-php7.2 php7.2\nsudo yum install -y httpd mariadb-server\nsudo systemctl start httpd\nsudo systemctl enable httpd\nsudo systemctl is-enabled httpd\ngit clone ${GIT_REPO}\ncp -r CliXX_Retail_Repository/* /var/www/html\n",
            "vars": {
              "GIT_REPO": "https://github.com/stackitgit/CliXX_Retail_Repository.git"
            }
          },
          "sensitive_attributes": []
        }
      ]
    },
    {
      "module": "module.EC2-BASE",
      "mode": "data",
      "type": "template_file",
      "name": "bootstrap",
      "provider": "provider[\"registry.terraform.io/hashicorp/template\"]",
      "instances": [
        {
          "schema_version": 0,
          "attributes": {
            "filename": null,
            "id": "23e098530f75b2dd1f3e0afabf2c7cd0848289bc43f46364686028e69b1edfe7",
            "rendered": "#!/bin/bash\n\nsudo yum update -y\nsudo yum install git -y\nsudo amazon-linux-extras install -y lamp-mariadb10.2-php7.2 php7.2\nsudo yum install -y httpd mariadb-server\nsudo systemctl start httpd\nsudo systemctl enable httpd\nsudo systemctl is-enabled httpd\ngit clone https://github.com/stackitgit/CliXX_Retail_Repository.git\ncp -r CliXX_Retail_Repository/* /var/www/html\n",
            "template": "#!/bin/bash\n\nsudo yum update -y\nsudo yum install git -y\nsudo amazon-linux-extras install -y lamp-mariadb10.2-php7.2 php7.2\nsudo yum install -y httpd mariadb-server\nsudo systemctl start httpd\nsudo systemctl enable httpd\nsudo systemctl is-enabled httpd\ngit clone ${GIT_REPO}\ncp -r CliXX_Retail_Repository/* /var/www/html\n",
            "vars": {
              "GIT_REPO": "https://github.com/stackitgit/CliXX_Retail_Repository.git"
            }
          },
          "sensitive_attributes": []
        }
      ]
    },
    {
      "module": "module.EC2-BASE",
      "mode": "managed",
      "type": "aws_instance",
      "name": "server",
      "provider": "provider[\"registry.terraform.io/hashicorp/aws\"]",
      "instances": [
        {
          "index_key": 0,
          "schema_version": 1,
          "attributes": {
            "ami": "ami-03f14bd2c5fcc7e69",
            "arn": "arn:aws:ec2:us-east-1:381492048000:instance/i-016865f16ffeb3355",
            "associate_public_ip_address": true,
            "availability_zone": "us-east-1d",
            "capacity_reservation_specification": [
              {
                "capacity_reservation_preference": "open",
                "capacity_reservation_target": []
              }
            ],
            "cpu_core_count": 1,
            "cpu_options": [
              {
                "amd_sev_snp": "",
                "core_count": 1,
                "threads_per_core": 1
              }
            ],
            "cpu_threads_per_core": 1,
            "credit_specification": [
              {
                "cpu_credits": "standard"
              }
            ],
            "disable_api_stop": false,
            "disable_api_termination": false,
            "ebs_block_device": [],
            "ebs_optimized": false,
            "enclave_options": [
              {
                "enabled": false
              }
            ],
            "ephemeral_block_device": [],
            "get_password_data": false,
            "hibernation": false,
            "host_id": "",
            "host_resource_group_arn": null,
            "iam_instance_profile": "",
            "id": "i-016865f16ffeb3355",
            "instance_initiated_shutdown_behavior": "stop",
            "instance_lifecycle": "",
            "instance_market_options": [],
            "instance_state": "running",
            "instance_type": "t2.micro",
            "ipv6_address_count": 0,
            "ipv6_addresses": [],
            "key_name": "stackkpp",
            "launch_template": [],
            "maintenance_options": [
              {
                "auto_recovery": "default"
              }
            ],
            "metadata_options": [
              {
                "http_endpoint": "enabled",
                "http_protocol_ipv6": "disabled",
                "http_put_response_hop_limit": 1,
                "http_tokens": "optional",
                "instance_metadata_tags": "disabled"
              }
            ],
            "monitoring": false,
            "network_interface": [],
            "outpost_arn": "",
            "password_data": "",
            "placement_group": "",
            "placement_partition_number": 0,
            "primary_network_interface_id": "eni-0066e69a89c01dd45",
            "private_dns": "ip-172-31-95-168.ec2.internal",
            "private_dns_name_options": [
              {
                "enable_resource_name_dns_a_record": false,
                "enable_resource_name_dns_aaaa_record": false,
                "hostname_type": "ip-name"
              }
            ],
            "private_ip": "172.31.95.168",
            "public_dns": "ec2-18-212-27-136.compute-1.amazonaws.com",
            "public_ip": "18.212.27.136",
            "root_block_device": [
              {
                "delete_on_termination": true,
                "device_name": "/dev/xvda",
                "encrypted": true,
                "iops": 100,
                "kms_key_id": "arn:aws:kms:us-east-1:381492048000:key/4a3e613b-969a-4d57-a57a-4126c23181a4",
                "tags": null,
                "tags_all": {},
                "throughput": 0,
                "volume_id": "vol-0acfd438a385780e8",
                "volume_size": 30,
                "volume_type": "gp2"
              }
            ],
            "secondary_private_ips": [],
            "security_groups": [
              "stack_web_D"
            ],
            "source_dest_check": true,
            "spot_instance_request_id": "",
            "subnet_id": "subnet-02f2c262bfc08697c",
            "tags": {
              "Name": "Application-Server"
            },
            "tags_all": {
              "Name": "Application-Server"
            },
            "tenancy": "default",
            "timeouts": null,
            "user_data": "387366c5ba1287ccb57f532826dd4588138592e9",
            "user_data_base64": null,
            "user_data_replace_on_change": false,
            "volume_tags": null,
            "vpc_security_group_ids": [
              "sg-0823ef2e46e58a21e"
            ]
          },
          "sensitive_attributes": [],
          "private": "eyJlMmJmYjczMC1lY2FhLTExZTYtOGY4OC0zNDM2M2JjN2M0YzAiOnsiY3JlYXRlIjo2MDAwMDAwMDAwMDAsImRlbGV0ZSI6MTIwMDAwMDAwMDAwMCwicmVhZCI6OTAwMDAwMDAwMDAwLCJ1cGRhdGUiOjYwMDAwMDAwMDAwMH0sInNjaGVtYV92ZXJzaW9uIjoiMSJ9",
          "dependencies": [
            "data.aws_ami.stack_ami",
            "module.EC2-BASE.aws_key_pair.Stack_KP",
            "module.EC2-BASE.aws_security_group.stack-sg",
            "module.EC2-BASE.data.template_file.bootstrap"
          ]
        }
      ]
    },
    {
      "module": "module.EC2-BASE",
      "mode": "managed",
      "type": "aws_key_pair",
      "name": "Stack_KP",
      "provider": "provider[\"registry.terraform.io/hashicorp/aws\"]",
      "instances": [
        {
          "schema_version": 1,
          "attributes": {
            "arn": "arn:aws:ec2:us-east-1:381492048000:key-pair/stackkpp",
            "fingerprint": "1a:e5:30:8b:a6:ba:a6:ed:60:2e:e4:9b:e6:8a:ab:f0",
            "id": "stackkpp",
            "key_name": "stackkpp",
            "key_name_prefix": "",
            "key_pair_id": "key-0d062284a3afc6389",
            "key_type": "rsa",
            "public_key": "ssh-rsa AAAAB3NzaC1yc2EAAAADAQABAAABgQDkGJiDIVoUfjHtS9TzAYWJ0TjKEZF4bDk5GmpHsOqFubhCsNYFJfNbrIfZ316aE7nemUm06xE8iSq31aJAL/nNNixsZwWc3zuWGnq6RT6RGtJqE56+vVGL8ZSo6t5LiMhxcCv4G9Bd9oiUFuHJ4u/6gltgypzKQ5asYEDp23j+qLlalJ5VOgbdUVVf/J5XeayYelmlM2lbNfu3w5fMVeub+EquWBadM6fpgb0AvjKRooKIhiC4g4OnUN8OUX990rGDuqXrT1QxAUW6p1lxzwncp1IQaXZxZL9tAbgnkjskoXLaxR3XetmO2qHJbeZKLI1DGeDaPAwvbLN9peOzTajr0spncdmd4ssNGCt8jJAEv3yas4oJks3mWQnpJZc8gUXBKA9QbQodueTrkNYQrChRVm5XKVlX0lO3eC1j0udhglIIlE4xhcMJCFleUhANJVo4U4N4XpNckEv3iRxAWWS1wR+qzXs5SwfH8BZKpNZ4nKA9vW9tVV31JBMtgM236Ic= Nicho@Enchiridion",
            "tags": null,
            "tags_all": {}
          },
          "sensitive_attributes": [],
          "private": "eyJzY2hlbWFfdmVyc2lvbiI6IjEifQ=="
        }
      ]
    },
    {
      "module": "module.EC2-BASE",
      "mode": "managed",
      "type": "aws_security_group",
      "name": "stack-sg",
      "provider": "provider[\"registry.terraform.io/hashicorp/aws\"]",
      "instances": [
        {
          "schema_version": 1,
          "attributes": {
            "arn": "arn:aws:ec2:us-east-1:381492048000:security-group/sg-0823ef2e46e58a21e",
            "description": "Stack IT Security Group For CliXX System",
            "egress": [],
            "id": "sg-0823ef2e46e58a21e",
            "ingress": [],
            "name": "stack_web_D",
            "name_prefix": "",
            "owner_id": "381492048000",
            "revoke_rules_on_delete": false,
            "tags": null,
            "tags_all": {},
            "timeouts": null,
            "vpc_id": "vpc-0b16376d2cbed43aa"
          },
          "sensitive_attributes": [],
          "private": "eyJlMmJmYjczMC1lY2FhLTExZTYtOGY4OC0zNDM2M2JjN2M0YzAiOnsiY3JlYXRlIjo2MDAwMDAwMDAwMDAsImRlbGV0ZSI6OTAwMDAwMDAwMDAwfSwic2NoZW1hX3ZlcnNpb24iOiIxIn0="
        }
      ]
    },
    {
      "module": "module.EC2-BASE",
      "mode": "managed",
      "type": "aws_security_group_rule",
      "name": "ssh",
      "provider": "provider[\"registry.terraform.io/hashicorp/aws\"]",
      "instances": [
        {
          "schema_version": 2,
          "attributes": {
            "cidr_blocks": [
              "0.0.0.0/0"
            ],
            "description": null,
            "from_port": 22,
            "id": "sgrule-4176201579",
            "ipv6_cidr_blocks": null,
            "prefix_list_ids": null,
            "protocol": "tcp",
            "security_group_id": "sg-0823ef2e46e58a21e",
            "security_group_rule_id": "sgr-06fe5efd8e3133097",
            "self": false,
            "source_security_group_id": null,
            "timeouts": null,
            "to_port": 22,
            "type": "ingress"
          },
          "sensitive_attributes": [],
          "private": "eyJlMmJmYjczMC1lY2FhLTExZTYtOGY4OC0zNDM2M2JjN2M0YzAiOnsiY3JlYXRlIjozMDAwMDAwMDAwMDB9LCJzY2hlbWFfdmVyc2lvbiI6IjIifQ==",
          "dependencies": [
            "module.EC2-BASE.aws_security_group.stack-sg"
          ]
        }
      ]
    }
  ],
  "check_results": [
    {
      "object_kind": "var",
      "config_addr": "module.CORE-INFO.var.required_tags",
      "status": "unknown",
      "objects": [
        {
          "object_addr": "module.CORE-INFO.var.required_tags",
          "status": "unknown"
        }
      ]
    }
  ]
}
